
Microsoft Visual Studio Solution File, Format Version 12.00
# Visual Studio 2013
VisualStudioVersion = 12.0.21005.1
MinimumVisualStudioVersion = 10.0.40219.1
Project("{8BC9CEB8-8B4A-11D0-8D11-00A0C91BC942}") = "test_2019_11_13", "test_2019_11_13\test_2019_11_13.vcxproj", "{D3AE5BD6-A77B-4C48-AC88-C6762A7D44A8}"
EndProject
Global
	GlobalSection(SolutionConfigurationPlatforms) = preSolution
		Debug|Win32 = Debug|Win32
		Release|Win32 = Release|Win32
	EndGlobalSection
	GlobalSection(ProjectConfigurationPlatforms) = postSolution
		{D3AE5BD6-A77B-4C48-AC88-C6762A7D44A8}.Debug|Win32.ActiveCfg = Debug|Win32
		{D3AE5BD6-A77B-4C48-AC88-C6762A7D44A8}.Debug|Win32.Build.0 = Debug|Win32
		{D3AE5BD6-A77B-4C48-AC88-C6762A7D44A8}.Release|Win32.ActiveCfg = Release|Win32
		{D3AE5BD6-A77B-4C48-AC88-C6762A7D44A8}.Release|Win32.Build.0 = Release|Win32
	EndGlobalSection
	GlobalSection(SolutionProperties) = preSolution
		HideSolutionNode = FALSE
	EndGlobalSection
EndGlobal
