
Microsoft Visual Studio Solution File, Format Version 12.00
# Visual Studio 2013
VisualStudioVersion = 12.0.21005.1
MinimumVisualStudioVersion = 10.0.40219.1
Project("{8BC9CEB8-8B4A-11D0-8D11-00A0C91BC942}") = "StringTrue", "StringTrue\StringTrue.vcxproj", "{170B00F6-9798-47AB-8525-E6706A416641}"
EndProject
Global
	GlobalSection(SolutionConfigurationPlatforms) = preSolution
		Debug|Win32 = Debug|Win32
		Release|Win32 = Release|Win32
	EndGlobalSection
	GlobalSection(ProjectConfigurationPlatforms) = postSolution
		{170B00F6-9798-47AB-8525-E6706A416641}.Debug|Win32.ActiveCfg = Debug|Win32
		{170B00F6-9798-47AB-8525-E6706A416641}.Debug|Win32.Build.0 = Debug|Win32
		{170B00F6-9798-47AB-8525-E6706A416641}.Release|Win32.ActiveCfg = Release|Win32
		{170B00F6-9798-47AB-8525-E6706A416641}.Release|Win32.Build.0 = Release|Win32
	EndGlobalSection
	GlobalSection(SolutionProperties) = preSolution
		HideSolutionNode = FALSE
	EndGlobalSection
EndGlobal
